// !$*UTF8*$!
{
	archiveVersion = 1;
	classes = {
	};
	objectVersion = 50;
	objects = {

/* Begin PBXBuildFile section */
		915585DA20AE7FDE0044E4DD /* SSFBarGraphProtocol.swift in Sources */ = {isa = PBXBuildFile; fileRef = 915585D920AE7FDE0044E4DD /* SSFBarGraphProtocol.swift */; };
		915585DC20AEA7180044E4DD /* SSFLineGraphView.swift in Sources */ = {isa = PBXBuildFile; fileRef = 915585DB20AEA7180044E4DD /* SSFLineGraphView.swift */; };
		915585DE20B3AFFF0044E4DD /* SSFLineGraphProtocol.swift in Sources */ = {isa = PBXBuildFile; fileRef = 915585DD20B3AFFF0044E4DD /* SSFLineGraphProtocol.swift */; };
		915585E020C001950044E4DD /* Utility.swift in Sources */ = {isa = PBXBuildFile; fileRef = 915585DF20C001940044E4DD /* Utility.swift */; };
		918C454220A2EEB700F4AE25 /* AppDelegate.swift in Sources */ = {isa = PBXBuildFile; fileRef = 918C454120A2EEB700F4AE25 /* AppDelegate.swift */; };
		918C454420A2EEB800F4AE25 /* ViewController.swift in Sources */ = {isa = PBXBuildFile; fileRef = 918C454320A2EEB700F4AE25 /* ViewController.swift */; };
		918C454720A2EEB800F4AE25 /* Main.storyboard in Resources */ = {isa = PBXBuildFile; fileRef = 918C454520A2EEB800F4AE25 /* Main.storyboard */; };
		918C454920A2EEB900F4AE25 /* Assets.xcassets in Resources */ = {isa = PBXBuildFile; fileRef = 918C454820A2EEB900F4AE25 /* Assets.xcassets */; };
		918C454C20A2EEB900F4AE25 /* LaunchScreen.storyboard in Resources */ = {isa = PBXBuildFile; fileRef = 918C454A20A2EEB900F4AE25 /* LaunchScreen.storyboard */; };
		918C455820A2F6C000F4AE25 /* SSFGraph.swift in Sources */ = {isa = PBXBuildFile; fileRef = 918C455720A2F6C000F4AE25 /* SSFGraph.swift */; };
		918C455A20AC2F5B00F4AE25 /* SSFBarGraphView.swift in Sources */ = {isa = PBXBuildFile; fileRef = 918C455920AC2F5B00F4AE25 /* SSFBarGraphView.swift */; };
/* End PBXBuildFile section */

/* Begin PBXFileReference section */
		915585D920AE7FDE0044E4DD /* SSFBarGraphProtocol.swift */ = {isa = PBXFileReference; lastKnownFileType = sourcecode.swift; path = SSFBarGraphProtocol.swift; sourceTree = "<group>"; };
		915585DB20AEA7180044E4DD /* SSFLineGraphView.swift */ = {isa = PBXFileReference; lastKnownFileType = sourcecode.swift; path = SSFLineGraphView.swift; sourceTree = "<group>"; };
		915585DD20B3AFFF0044E4DD /* SSFLineGraphProtocol.swift */ = {isa = PBXFileReference; lastKnownFileType = sourcecode.swift; path = SSFLineGraphProtocol.swift; sourceTree = "<group>"; };
		915585DF20C001940044E4DD /* Utility.swift */ = {isa = PBXFileReference; fileEncoding = 4; lastKnownFileType = sourcecode.swift; path = Utility.swift; sourceTree = "<group>"; };
		918C453E20A2EEB700F4AE25 /* SSFGraph.app */ = {isa = PBXFileReference; explicitFileType = wrapper.application; includeInIndex = 0; path = SSFGraph.app; sourceTree = BUILT_PRODUCTS_DIR; };
		918C454120A2EEB700F4AE25 /* AppDelegate.swift */ = {isa = PBXFileReference; lastKnownFileType = sourcecode.swift; path = AppDelegate.swift; sourceTree = "<group>"; };
		918C454320A2EEB700F4AE25 /* ViewController.swift */ = {isa = PBXFileReference; lastKnownFileType = sourcecode.swift; path = ViewController.swift; sourceTree = "<group>"; };
		918C454620A2EEB800F4AE25 /* Base */ = {isa = PBXFileReference; lastKnownFileType = file.storyboard; name = Base; path = Base.lproj/Main.storyboard; sourceTree = "<group>"; };
		918C454820A2EEB900F4AE25 /* Assets.xcassets */ = {isa = PBXFileReference; lastKnownFileType = folder.assetcatalog; path = Assets.xcassets; sourceTree = "<group>"; };
		918C454B20A2EEB900F4AE25 /* Base */ = {isa = PBXFileReference; lastKnownFileType = file.storyboard; name = Base; path = Base.lproj/LaunchScreen.storyboard; sourceTree = "<group>"; };
		918C454D20A2EEB900F4AE25 /* Info.plist */ = {isa = PBXFileReference; lastKnownFileType = text.plist.xml; path = Info.plist; sourceTree = "<group>"; };
		918C455720A2F6C000F4AE25 /* SSFGraph.swift */ = {isa = PBXFileReference; lastKnownFileType = sourcecode.swift; path = SSFGraph.swift; sourceTree = "<group>"; };
		918C455920AC2F5B00F4AE25 /* SSFBarGraphView.swift */ = {isa = PBXFileReference; lastKnownFileType = sourcecode.swift; path = SSFBarGraphView.swift; sourceTree = "<group>"; };
/* End PBXFileReference section */

/* Begin PBXFrameworksBuildPhase section */
		918C453B20A2EEB700F4AE25 /* Frameworks */ = {
			isa = PBXFrameworksBuildPhase;
			buildActionMask = 2147483647;
			files = (
			);
			runOnlyForDeploymentPostprocessing = 0;
		};
/* End PBXFrameworksBuildPhase section */

/* Begin PBXGroup section */
		918C453520A2EEB700F4AE25 = {
			isa = PBXGroup;
			children = (
				918C454020A2EEB700F4AE25 /* SSFGraph */,
				918C453F20A2EEB700F4AE25 /* Products */,
			);
			sourceTree = "<group>";
		};
		918C453F20A2EEB700F4AE25 /* Products */ = {
			isa = PBXGroup;
			children = (
				918C453E20A2EEB700F4AE25 /* SSFGraph.app */,
			);
			name = Products;
			sourceTree = "<group>";
		};
		918C454020A2EEB700F4AE25 /* SSFGraph */ = {
			isa = PBXGroup;
			children = (
				918C455620A2F3B800F4AE25 /* Main */,
				918C455320A2F2DD00F4AE25 /* Supporting */,
			);
			path = SSFGraph;
			sourceTree = "<group>";
		};
		918C455320A2F2DD00F4AE25 /* Supporting */ = {
			isa = PBXGroup;
			children = (
				918C454A20A2EEB900F4AE25 /* LaunchScreen.storyboard */,
				918C454120A2EEB700F4AE25 /* AppDelegate.swift */,
				918C454D20A2EEB900F4AE25 /* Info.plist */,
				918C454820A2EEB900F4AE25 /* Assets.xcassets */,
			);
			path = Supporting;
			sourceTree = "<group>";
		};
		918C455620A2F3B800F4AE25 /* Main */ = {
			isa = PBXGroup;
			children = (
				915585DF20C001940044E4DD /* Utility.swift */,
				918C454320A2EEB700F4AE25 /* ViewController.swift */,
				918C454520A2EEB800F4AE25 /* Main.storyboard */,
				918C455720A2F6C000F4AE25 /* SSFGraph.swift */,
				918C455920AC2F5B00F4AE25 /* SSFBarGraphView.swift */,
				915585D920AE7FDE0044E4DD /* SSFBarGraphProtocol.swift */,
				915585DB20AEA7180044E4DD /* SSFLineGraphView.swift */,
				915585DD20B3AFFF0044E4DD /* SSFLineGraphProtocol.swift */,
			);
			path = Main;
			sourceTree = "<group>";
		};
/* End PBXGroup section */

/* Begin PBXNativeTarget section */
		918C453D20A2EEB700F4AE25 /* SSFGraph */ = {
			isa = PBXNativeTarget;
			buildConfigurationList = 918C455020A2EEB900F4AE25 /* Build configuration list for PBXNativeTarget "SSFGraph" */;
			buildPhases = (
				918C453A20A2EEB700F4AE25 /* Sources */,
				918C453B20A2EEB700F4AE25 /* Frameworks */,
				918C453C20A2EEB700F4AE25 /* Resources */,
			);
			buildRules = (
			);
			dependencies = (
			);
			name = SSFGraph;
			productName = SSFGraph;
			productReference = 918C453E20A2EEB700F4AE25 /* SSFGraph.app */;
			productType = "com.apple.product-type.application";
		};
/* End PBXNativeTarget section */

/* Begin PBXProject section */
		918C453620A2EEB700F4AE25 /* Project object */ = {
			isa = PBXProject;
			attributes = {
				LastSwiftUpdateCheck = 0930;
				LastUpgradeCheck = 0930;
				ORGANIZATIONNAME = "赛峰 施";
				TargetAttributes = {
					918C453D20A2EEB700F4AE25 = {
						CreatedOnToolsVersion = 9.3;
					};
				};
			};
			buildConfigurationList = 918C453920A2EEB700F4AE25 /* Build configuration list for PBXProject "SSFGraph" */;
			compatibilityVersion = "Xcode 9.3";
			developmentRegion = en;
			hasScannedForEncodings = 0;
			knownRegions = (
				en,
				Base,
			);
			mainGroup = 918C453520A2EEB700F4AE25;
			productRefGroup = 918C453F20A2EEB700F4AE25 /* Products */;
			projectDirPath = "";
			projectRoot = "";
			targets = (
				918C453D20A2EEB700F4AE25 /* SSFGraph */,
			);
		};
/* End PBXProject section */

/* Begin PBXResourcesBuildPhase section */
		918C453C20A2EEB700F4AE25 /* Resources */ = {
			isa = PBXResourcesBuildPhase;
			buildActionMask = 2147483647;
			files = (
				918C454C20A2EEB900F4AE25 /* LaunchScreen.storyboard in Resources */,
				918C454920A2EEB900F4AE25 /* Assets.xcassets in Resources */,
				918C454720A2EEB800F4AE25 /* Main.storyboard in Resources */,
			);
			runOnlyForDeploymentPostprocessing = 0;
		};
/* End PBXResourcesBuildPhase section */

/* Begin PBXSourcesBuildPhase section */
		918C453A20A2EEB700F4AE25 /* Sources */ = {
			isa = PBXSourcesBuildPhase;
			buildActionMask = 2147483647;
			files = (
				915585DC20AEA7180044E4DD /* SSFLineGraphView.swift in Sources */,
				918C454420A2EEB800F4AE25 /* ViewController.swift in Sources */,
				915585DA20AE7FDE0044E4DD /* SSFBarGraphProtocol.swift in Sources */,
				918C454220A2EEB700F4AE25 /* AppDelegate.swift in Sources */,
				915585E020C001950044E4DD /* Utility.swift in Sources */,
				918C455820A2F6C000F4AE25 /* SSFGraph.swift in Sources */,
				918C455A20AC2F5B00F4AE25 /* SSFBarGraphView.swift in Sources */,
				915585DE20B3AFFF0044E4DD /* SSFLineGraphProtocol.swift in Sources */,
			);
			runOnlyForDeploymentPostprocessing = 0;
		};
/* End PBXSourcesBuildPhase section */

/* Begin PBXVariantGroup section */
		918C454520A2EEB800F4AE25 /* Main.storyboard */ = {
			isa = PBXVariantGroup;
			children = (
				918C454620A2EEB800F4AE25 /* Base */,
			);
			name = Main.storyboard;
			sourceTree = "<group>";
		};
		918C454A20A2EEB900F4AE25 /* LaunchScreen.storyboard */ = {
			isa = PBXVariantGroup;
			children = (
				918C454B20A2EEB900F4AE25 /* Base */,
			);
			name = LaunchScreen.storyboard;
			sourceTree = "<group>";
		};
/* End PBXVariantGroup section */

/* Begin XCBuildConfiguration section */
		918C454E20A2EEB900F4AE25 /* Debug */ = {
			isa = XCBuildConfiguration;
			buildSettings = {
				ALWAYS_SEARCH_USER_PATHS = NO;
				CLANG_ANALYZER_NONNULL = YES;
				CLANG_ANALYZER_NUMBER_OBJECT_CONVERSION = YES_AGGRESSIVE;
				CLANG_CXX_LANGUAGE_STANDARD = "gnu++14";
				CLANG_CXX_LIBRARY = "libc++";
				CLANG_ENABLE_MODULES = YES;
				CLANG_ENABLE_OBJC_ARC = YES;
				CLANG_ENABLE_OBJC_WEAK = YES;
				CLANG_WARN_BLOCK_CAPTURE_AUTORELEASING = YES;
				CLANG_WARN_BOOL_CONVERSION = YES;
				CLANG_WARN_COMMA = YES;
				CLANG_WARN_CONSTANT_CONVERSION = YES;
				CLANG_WARN_DEPRECATED_OBJC_IMPLEMENTATIONS = YES;
				CLANG_WARN_DIRECT_OBJC_ISA_USAGE = YES_ERROR;
				CLANG_WARN_DOCUMENTATION_COMMENTS = YES;
				CLANG_WARN_EMPTY_BODY = YES;
				CLANG_WARN_ENUM_CONVERSION = YES;
				CLANG_WARN_INFINITE_RECURSION = YES;
				CLANG_WARN_INT_CONVERSION = YES;
				CLANG_WARN_NON_LITERAL_NULL_CONVERSION = YES;
				CLANG_WARN_OBJC_IMPLICIT_RETAIN_SELF = YES;
				CLANG_WARN_OBJC_LITERAL_CONVERSION = YES;
				CLANG_WARN_OBJC_ROOT_CLASS = YES_ERROR;
				CLANG_WARN_RANGE_LOOP_ANALYSIS = YES;
				CLANG_WARN_STRICT_PROTOTYPES = YES;
				CLANG_WARN_SUSPICIOUS_MOVE = YES;
				CLANG_WARN_UNGUARDED_AVAILABILITY = YES_AGGRESSIVE;
				CLANG_WARN_UNREACHABLE_CODE = YES;
				CLANG_WARN__DUPLICATE_METHOD_MATCH = YES;
				CODE_SIGN_IDENTITY = "iPhone Developer";
				COPY_PHASE_STRIP = NO;
				DEBUG_INFORMATION_FORMAT = dwarf;
				ENABLE_STRICT_OBJC_MSGSEND = YES;
				ENABLE_TESTABILITY = YES;
				GCC_C_LANGUAGE_STANDARD = gnu11;
				GCC_DYNAMIC_NO_PIC = NO;
				GCC_NO_COMMON_BLOCKS = YES;
				GCC_OPTIMIZATION_LEVEL = 0;
				GCC_PREPROCESSOR_DEFINITIONS = (
					"DEBUG=1",
					"$(inherited)",
				);
				GCC_WARN_64_TO_32_BIT_CONVERSION = YES;
				GCC_WARN_ABOUT_RETURN_TYPE = YES_ERROR;
				GCC_WARN_UNDECLARED_SELECTOR = YES;
				GCC_WARN_UNINITIALIZED_AUTOS = YES_AGGRESSIVE;
				GCC_WARN_UNUSED_FUNCTION = YES;
				GCC_WARN_UNUSED_VARIABLE = YES;
				IPHONEOS_DEPLOYMENT_TARGET = 11.3;
				MTL_ENABLE_DEBUG_INFO = YES;
				ONLY_ACTIVE_ARCH = YES;
				SDKROOT = iphoneos;
				SWIFT_ACTIVE_COMPILATION_CONDITIONS = DEBUG;
				SWIFT_OPTIMIZATION_LEVEL = "-Onone";
			};
			name = Debug;
		};
		918C454F20A2EEB900F4AE25 /* Release */ = {
			isa = XCBuildConfiguration;
			buildSettings = {
				ALWAYS_SEARCH_USER_PATHS = NO;
				CLANG_ANALYZER_NONNULL = YES;
				CLANG_ANALYZER_NUMBER_OBJECT_CONVERSION = YES_AGGRESSIVE;
				CLANG_CXX_LANGUAGE_STANDARD = "gnu++14";
				CLANG_CXX_LIBRARY = "libc++";
				CLANG_ENABLE_MODULES = YES;
				CLANG_ENABLE_OBJC_ARC = YES;
				CLANG_ENABLE_OBJC_WEAK = YES;
				CLANG_WARN_BLOCK_CAPTURE_AUTORELEASING = YES;
				CLANG_WARN_BOOL_CONVERSION = YES;
				CLANG_WARN_COMMA = YES;
				CLANG_WARN_CONSTANT_CONVERSION = YES;
				CLANG_WARN_DEPRECATED_OBJC_IMPLEMENTATIONS = YES;
				CLANG_WARN_DIRECT_OBJC_ISA_USAGE = YES_ERROR;
				CLANG_WARN_DOCUMENTATION_COMMENTS = YES;
				CLANG_WARN_EMPTY_BODY = YES;
				CLANG_WARN_ENUM_CONVERSION = YES;
				CLANG_WARN_INFINITE_RECURSION = YES;
				CLANG_WARN_INT_CONVERSION = YES;
				CLANG_WARN_NON_LITERAL_NULL_CONVERSION = YES;
				CLANG_WARN_OBJC_IMPLICIT_RETAIN_SELF = YES;
				CLANG_WARN_OBJC_LITERAL_CONVERSION = YES;
				CLANG_WARN_OBJC_ROOT_CLASS = YES_ERROR;
				CLANG_WARN_RANGE_LOOP_ANALYSIS = YES;
				CLANG_WARN_STRICT_PROTOTYPES = YES;
				CLANG_WARN_SUSPICIOUS_MOVE = YES;
				CLANG_WARN_UNGUARDED_AVAILABILITY = YES_AGGRESSIVE;
				CLANG_WARN_UNREACHABLE_CODE = YES;
				CLANG_WARN__DUPLICATE_METHOD_MATCH = YES;
				CODE_SIGN_IDENTITY = "iPhone Developer";
				COPY_PHASE_STRIP = NO;
				DEBUG_INFORMATION_FORMAT = "dwarf-with-dsym";
				ENABLE_NS_ASSERTIONS = NO;
				ENABLE_STRICT_OBJC_MSGSEND = YES;
				GCC_C_LANGUAGE_STANDARD = gnu11;
				GCC_NO_COMMON_BLOCKS = YES;
				GCC_WARN_64_TO_32_BIT_CONVERSION = YES;
				GCC_WARN_ABOUT_RETURN_TYPE = YES_ERROR;
				GCC_WARN_UNDECLARED_SELECTOR = YES;
				GCC_WARN_UNINITIALIZED_AUTOS = YES_AGGRESSIVE;
				GCC_WARN_UNUSED_FUNCTION = YES;
				GCC_WARN_UNUSED_VARIABLE = YES;
				IPHONEOS_DEPLOYMENT_TARGET = 11.3;
				MTL_ENABLE_DEBUG_INFO = NO;
				SDKROOT = iphoneos;
				SWIFT_COMPILATION_MODE = wholemodule;
				SWIFT_OPTIMIZATION_LEVEL = "-O";
				VALIDATE_PRODUCT = YES;
			};
			name = Release;
		};
		918C455120A2EEB900F4AE25 /* Debug */ = {
			isa = XCBuildConfiguration;
			buildSettings = {
				ASSETCATALOG_COMPILER_APPICON_NAME = AppIcon;
				CODE_SIGN_STYLE = Automatic;
				DEVELOPMENT_TEAM = MYUZ5TW9JQ;
				INFOPLIST_FILE = SSFGraph/Supporting/Info.plist;
				LD_RUNPATH_SEARCH_PATHS = (
					"$(inherited)",
					"@executable_path/Frameworks",
				);
				PRODUCT_BUNDLE_IDENTIFIER = com.ssf.SSFGraph;
				PRODUCT_NAME = "$(TARGET_NAME)";
				SWIFT_VERSION = 4.0;
				TARGETED_DEVICE_FAMILY = "1,2";
			};
			name = Debug;
		};
		918C455220A2EEB900F4AE25 /* Release */ = {
			isa = XCBuildConfiguration;
			buildSettings = {
				ASSETCATALOG_COMPILER_APPICON_NAME = AppIcon;
				CODE_SIGN_STYLE = Automatic;
				DEVELOPMENT_TEAM = MYUZ5TW9JQ;
				INFOPLIST_FILE = SSFGraph/Supporting/Info.plist;
				LD_RUNPATH_SEARCH_PATHS = (
					"$(inherited)",
					"@executable_path/Frameworks",
				);
				PRODUCT_BUNDLE_IDENTIFIER = com.ssf.SSFGraph;
				PRODUCT_NAME = "$(TARGET_NAME)";
				SWIFT_VERSION = 4.0;
				TARGETED_DEVICE_FAMILY = "1,2";
			};
			name = Release;
		};
/* End XCBuildConfiguration section */

/* Begin XCConfigurationList section */
		918C453920A2EEB700F4AE25 /* Build configuration list for PBXProject "SSFGraph" */ = {
			isa = XCConfigurationList;
			buildConfigurations = (
				918C454E20A2EEB900F4AE25 /* Debug */,
				918C454F20A2EEB900F4AE25 /* Release */,
			);
			defaultConfigurationIsVisible = 0;
			defaultConfigurationName = Release;
		};
		918C455020A2EEB900F4AE25 /* Build configuration list for PBXNativeTarget "SSFGraph" */ = {
			isa = XCConfigurationList;
			buildConfigurations = (
				918C455120A2EEB900F4AE25 /* Debug */,
				918C455220A2EEB900F4AE25 /* Release */,
			);
			defaultConfigurationIsVisible = 0;
			defaultConfigurationName = Release;
		};
/* End XCConfigurationList section */
	};
	rootObject = 918C453620A2EEB700F4AE25 /* Project object */;
}
